// !$*UTF8*$!
{
	archiveVersion = 1;
	classes = {
	};
	objectVersion = 77;
	objects = {

/* Begin PBXContainerItemProxy section */
		CF53BD5C2DF8D1F30015890F /* PBXContainerItemProxy */ = {
			isa = PBXContainerItemProxy;
			containerPortal = CF53BD3D2DF8D1F00015890F /* Project object */;
			proxyType = 1;
			remoteGlobalIDString = CF53BD442DF8D1F00015890F;
			remoteInfo = HealthReminder;
		};
		CF53BD662DF8D1F30015890F /* PBXContainerItemProxy */ = {
			isa = PBXContainerItemProxy;
			containerPortal = CF53BD3D2DF8D1F00015890F /* Project object */;
			proxyType = 1;
			remoteGlobalIDString = CF53BD442DF8D1F00015890F;
			remoteInfo = HealthReminder;
		};
/* End PBXContainerItemProxy section */

/* Begin PBXFileReference section */
		CF53BD452DF8D1F00015890F /* HealthReminder.app */ = {isa = PBXFileReference; explicitFileType = wrapper.application; includeInIndex = 0; path = HealthReminder.app; sourceTree = BUILT_PRODUCTS_DIR; };
		CF53BD5B2DF8D1F30015890F /* HealthReminderTests.xctest */ = {isa = PBXFileReference; explicitFileType = wrapper.cfbundle; includeInIndex = 0; path = HealthReminderTests.xctest; sourceTree = BUILT_PRODUCTS_DIR; };
		CF53BD652DF8D1F30015890F /* HealthReminderUITests.xctest */ = {isa = PBXFileReference; explicitFileType = wrapper.cfbundle; includeInIndex = 0; path = HealthReminderUITests.xctest; sourceTree = BUILT_PRODUCTS_DIR; };
/* End PBXFileReference section */

/* Begin PBXFileSystemSynchronizedBuildFileExceptionSet section */
		CF53BD6D2DF8D1F30015890F /* Exceptions for "HealthReminder" folder in "HealthReminder" target */ = {
			isa = PBXFileSystemSynchronizedBuildFileExceptionSet;
			membershipExceptions = (
				Resources/Info.plist,
			);
			target = CF53BD442DF8D1F00015890F /* HealthReminder */;
		};
/* End PBXFileSystemSynchronizedBuildFileExceptionSet section */

/* Begin PBXFileSystemSynchronizedRootGroup section */
		CF53BD472DF8D1F00015890F /* HealthReminder */ = {
			isa = PBXFileSystemSynchronizedRootGroup;
			exceptions = (
				CF53BD6D2DF8D1F30015890F /* Exceptions for "HealthReminder" folder in "HealthReminder" target */,
			);
			path = HealthReminder;
			sourceTree = "<group>";
		};
		CF53BD5E2DF8D1F30015890F /* HealthReminderTests */ = {
			isa = PBXFileSystemSynchronizedRootGroup;
			path = HealthReminderTests;
			sourceTree = "<group>";
		};
		CF53BD682DF8D1F30015890F /* HealthReminderUITests */ = {
			isa = PBXFileSystemSynchronizedRootGroup;
			path = HealthReminderUITests;
			sourceTree = "<group>";
		};
/* End PBXFileSystemSynchronizedRootGroup section */

/* Begin PBXFrameworksBuildPhase section */
		CF53BD422DF8D1F00015890F /* Frameworks */ = {
			isa = PBXFrameworksBuildPhase;
			buildActionMask = 2147483647;
			files = (
			);
			runOnlyForDeploymentPostprocessing = 0;
		};
		CF53BD582DF8D1F30015890F /* Frameworks */ = {
			isa = PBXFrameworksBuildPhase;
			buildActionMask = 2147483647;
			files = (
			);
			runOnlyForDeploymentPostprocessing = 0;
		};
		CF53BD622DF8D1F30015890F /* Frameworks */ = {
			isa = PBXFrameworksBuildPhase;
			buildActionMask = 2147483647;
			files = (
			);
			runOnlyForDeploymentPostprocessing = 0;
		};
/* End PBXFrameworksBuildPhase section */

/* Begin PBXGroup section */
		CF53BD3C2DF8D1F00015890F = {
			isa = PBXGroup;
			children = (
				CF53BD472DF8D1F00015890F /* HealthReminder */,
				CF53BD5E2DF8D1F30015890F /* HealthReminderTests */,
				CF53BD682DF8D1F30015890F /* HealthReminderUITests */,
				CF53BD462DF8D1F00015890F /* Products */,
			);
			sourceTree = "<group>";
		};
		CF53BD462DF8D1F00015890F /* Products */ = {
			isa = PBXGroup;
			children = (
				CF53BD452DF8D1F00015890F /* HealthReminder.app */,
				CF53BD5B2DF8D1F30015890F /* HealthReminderTests.xctest */,
				CF53BD652DF8D1F30015890F /* HealthReminderUITests.xctest */,
			);
			name = Products;
			sourceTree = "<group>";
		};
/* End PBXGroup section */

/* Begin PBXNativeTarget section */
		CF53BD442DF8D1F00015890F /* HealthReminder */ = {
			isa = PBXNativeTarget;
			buildConfigurationList = CF53BD6E2DF8D1F30015890F /* Build configuration list for PBXNativeTarget "HealthReminder" */;
			buildPhases = (
				CF53BD412DF8D1F00015890F /* Sources */,
				CF53BD422DF8D1F00015890F /* Frameworks */,
				CF53BD432DF8D1F00015890F /* Resources */,
			);
			buildRules = (
			);
			dependencies = (
			);
			fileSystemSynchronizedGroups = (
				CF53BD472DF8D1F00015890F /* HealthReminder */,
			);
			name = HealthReminder;
			packageProductDependencies = (
			);
			productName = HealthReminder;
			productReference = CF53BD452DF8D1F00015890F /* HealthReminder.app */;
			productType = "com.apple.product-type.application";
		};
		CF53BD5A2DF8D1F30015890F /* HealthReminderTests */ = {
			isa = PBXNativeTarget;
			buildConfigurationList = CF53BD732DF8D1F30015890F /* Build configuration list for PBXNativeTarget "HealthReminderTests" */;
			buildPhases = (
				CF53BD572DF8D1F30015890F /* Sources */,
				CF53BD582DF8D1F30015890F /* Frameworks */,
				CF53BD592DF8D1F30015890F /* Resources */,
			);
			buildRules = (
			);
			dependencies = (
				CF53BD5D2DF8D1F30015890F /* PBXTargetDependency */,
			);
			fileSystemSynchronizedGroups = (
				CF53BD5E2DF8D1F30015890F /* HealthReminderTests */,
			);
			name = HealthReminderTests;
			packageProductDependencies = (
			);
			productName = HealthReminderTests;
			productReference = CF53BD5B2DF8D1F30015890F /* HealthReminderTests.xctest */;
			productType = "com.apple.product-type.bundle.unit-test";
		};
		CF53BD642DF8D1F30015890F /* HealthReminderUITests */ = {
			isa = PBXNativeTarget;
			buildConfigurationList = CF53BD762DF8D1F30015890F /* Build configuration list for PBXNativeTarget "HealthReminderUITests" */;
			buildPhases = (
				CF53BD612DF8D1F30015890F /* Sources */,
				CF53BD622DF8D1F30015890F /* Frameworks */,
				CF53BD632DF8D1F30015890F /* Resources */,
			);
			buildRules = (
			);
			dependencies = (
				CF53BD672DF8D1F30015890F /* PBXTargetDependency */,
			);
			fileSystemSynchronizedGroups = (
				CF53BD682DF8D1F30015890F /* HealthReminderUITests */,
			);
			name = HealthReminderUITests;
			packageProductDependencies = (
			);
			productName = HealthReminderUITests;
			productReference = CF53BD652DF8D1F30015890F /* HealthReminderUITests.xctest */;
			productType = "com.apple.product-type.bundle.ui-testing";
		};
/* End PBXNativeTarget section */

/* Begin PBXProject section */
		CF53BD3D2DF8D1F00015890F /* Project object */ = {
			isa = PBXProject;
			attributes = {
				BuildIndependentTargetsInParallel = 1;
				LastSwiftUpdateCheck = 1620;
				LastUpgradeCheck = 1620;
				TargetAttributes = {
					CF53BD442DF8D1F00015890F = {
						CreatedOnToolsVersion = 16.2;
					};
					CF53BD5A2DF8D1F30015890F = {
						CreatedOnToolsVersion = 16.2;
						LastSwiftMigration = 1620;
						TestTargetID = CF53BD442DF8D1F00015890F;
					};
					CF53BD642DF8D1F30015890F = {
						CreatedOnToolsVersion = 16.2;
						TestTargetID = CF53BD442DF8D1F00015890F;
					};
				};
			};
			buildConfigurationList = CF53BD402DF8D1F00015890F /* Build configuration list for PBXProject "HealthReminder" */;
			developmentRegion = en;
			hasScannedForEncodings = 0;
			knownRegions = (
				en,
				Base,
			);
			mainGroup = CF53BD3C2DF8D1F00015890F;
			minimizedProjectReferenceProxies = 1;
			preferredProjectObjectVersion = 77;
			productRefGroup = CF53BD462DF8D1F00015890F /* Products */;
			projectDirPath = "";
			projectRoot = "";
			targets = (
				CF53BD442DF8D1F00015890F /* HealthReminder */,
				CF53BD5A2DF8D1F30015890F /* HealthReminderTests */,
				CF53BD642DF8D1F30015890F /* HealthReminderUITests */,
			);
		};
/* End PBXProject section */

/* Begin PBXResourcesBuildPhase section */
		CF53BD432DF8D1F00015890F /* Resources */ = {
			isa = PBXResourcesBuildPhase;
			buildActionMask = 2147483647;
			files = (
			);
			runOnlyForDeploymentPostprocessing = 0;
		};
		CF53BD592DF8D1F30015890F /* Resources */ = {
			isa = PBXResourcesBuildPhase;
			buildActionMask = 2147483647;
			files = (
			);
			runOnlyForDeploymentPostprocessing = 0;
		};
		CF53BD632DF8D1F30015890F /* Resources */ = {
			isa = PBXResourcesBuildPhase;
			buildActionMask = 2147483647;
			files = (
			);
			runOnlyForDeploymentPostprocessing = 0;
		};
/* End PBXResourcesBuildPhase section */

/* Begin PBXSourcesBuildPhase section */
		CF53BD412DF8D1F00015890F /* Sources */ = {
			isa = PBXSourcesBuildPhase;
			buildActionMask = 2147483647;
			files = (
			);
			runOnlyForDeploymentPostprocessing = 0;
		};
		CF53BD572DF8D1F30015890F /* Sources */ = {
			isa = PBXSourcesBuildPhase;
			buildActionMask = 2147483647;
			files = (
			);
			runOnlyForDeploymentPostprocessing = 0;
		};
		CF53BD612DF8D1F30015890F /* Sources */ = {
			isa = PBXSourcesBuildPhase;
			buildActionMask = 2147483647;
			files = (
			);
			runOnlyForDeploymentPostprocessing = 0;
		};
/* End PBXSourcesBuildPhase section */

/* Begin PBXTargetDependency section */
		CF53BD5D2DF8D1F30015890F /* PBXTargetDependency */ = {
			isa = PBXTargetDependency;
			target = CF53BD442DF8D1F00015890F /* HealthReminder */;
			targetProxy = CF53BD5C2DF8D1F30015890F /* PBXContainerItemProxy */;
		};
		CF53BD672DF8D1F30015890F /* PBXTargetDependency */ = {
			isa = PBXTargetDependency;
			target = CF53BD442DF8D1F00015890F /* HealthReminder */;
			targetProxy = CF53BD662DF8D1F30015890F /* PBXContainerItemProxy */;
		};
/* End PBXTargetDependency section */

/* Begin XCBuildConfiguration section */
		CF53BD6F2DF8D1F30015890F /* Debug */ = {
			isa = XCBuildConfiguration;
			buildSettings = {
				ASSETCATALOG_COMPILER_APPICON_NAME = AppIcon;
				ASSETCATALOG_COMPILER_GLOBAL_ACCENT_COLOR_NAME = AccentColor;
				CODE_SIGN_STYLE = Automatic;
				CURRENT_PROJECT_VERSION = 1;
				DEVELOPMENT_TEAM = AJ5QNVYP6Y;
				GENERATE_INFOPLIST_FILE = YES;
				INFOPLIST_FILE = HealthReminder/Resources/Info.plist;
				INFOPLIST_KEY_UIApplicationSupportsIndirectInputEvents = YES;
				INFOPLIST_KEY_UILaunchStoryboardName = LaunchScreen;
				INFOPLIST_KEY_UISupportedInterfaceOrientations_iPad = "UIInterfaceOrientationPortrait UIInterfaceOrientationPortraitUpsideDown UIInterfaceOrientationLandscapeLeft UIInterfaceOrientationLandscapeRight";
				INFOPLIST_KEY_UISupportedInterfaceOrientations_iPhone = "UIInterfaceOrientationPortrait UIInterfaceOrientationLandscapeLeft UIInterfaceOrientationLandscapeRight";
				IPHONEOS_DEPLOYMENT_TARGET = 17.6;
				LD_RUNPATH_SEARCH_PATHS = (
					"$(inherited)",
					"@executable_path/Frameworks",
				);
				MARKETING_VERSION = 1.0;
				PRODUCT_BUNDLE_IDENTIFIER = ru.yandex.HealthReminder;
				PRODUCT_NAME = "$(TARGET_NAME)";
				SWIFT_EMIT_LOC_STRINGS = YES;
				SWIFT_VERSION = 5.0;
				TARGETED_DEVICE_FAMILY = "1,2";
			};
			name = Debug;
		};
		CF53BD702DF8D1F30015890F /* Release */ = {
			isa = XCBuildConfiguration;
			buildSettings = {
				ASSETCATALOG_COMPILER_APPICON_NAME = AppIcon;
				ASSETCATALOG_COMPILER_GLOBAL_ACCENT_COLOR_NAME = AccentColor;
				CODE_SIGN_STYLE = Automatic;
				CURRENT_PROJECT_VERSION = 1;
				DEVELOPMENT_TEAM = AJ5QNVYP6Y;
				GENERATE_INFOPLIST_FILE = YES;
				INFOPLIST_FILE = HealthReminder/Resources/Info.plist;
				INFOPLIST_KEY_UIApplicationSupportsIndirectInputEvents = YES;
				INFOPLIST_KEY_UILaunchStoryboardName = LaunchScreen;
				INFOPLIST_KEY_UISupportedInterfaceOrientations_iPad = "UIInterfaceOrientationPortrait UIInterfaceOrientationPortraitUpsideDown UIInterfaceOrientationLandscapeLeft UIInterfaceOrientationLandscapeRight";
				INFOPLIST_KEY_UISupportedInterfaceOrientations_iPhone = "UIInterfaceOrientationPortrait UIInterfaceOrientationLandscapeLeft UIInterfaceOrientationLandscapeRight";
				IPHONEOS_DEPLOYMENT_TARGET = 17.6;
				LD_RUNPATH_SEARCH_PATHS = (
					"$(inherited)",
					"@executable_path/Frameworks",
				);
				MARKETING_VERSION = 1.0;
				PRODUCT_BUNDLE_IDENTIFIER = ru.yandex.HealthReminder;
				PRODUCT_NAME = "$(TARGET_NAME)";
				SWIFT_EMIT_LOC_STRINGS = YES;
				SWIFT_VERSION = 5.0;
				TARGETED_DEVICE_FAMILY = "1,2";
			};
			name = Release;
		};
		CF53BD712DF8D1F30015890F /* Debug */ = {
			isa = XCBuildConfiguration;
			buildSettings = {
				ALWAYS_SEARCH_USER_PATHS = NO;
				ASSETCATALOG_COMPILER_GENERATE_SWIFT_ASSET_SYMBOL_EXTENSIONS = YES;
				CLANG_ANALYZER_NONNULL = YES;
				CLANG_ANALYZER_NUMBER_OBJECT_CONVERSION = YES_AGGRESSIVE;
				CLANG_CXX_LANGUAGE_STANDARD = "gnu++20";
				CLANG_ENABLE_MODULES = YES;
				CLANG_ENABLE_OBJC_ARC = YES;
				CLANG_ENABLE_OBJC_WEAK = YES;
				CLANG_WARN_BLOCK_CAPTURE_AUTORELEASING = YES;
				CLANG_WARN_BOOL_CONVERSION = YES;
				CLANG_WARN_COMMA = YES;
				CLANG_WARN_CONSTANT_CONVERSION = YES;
				CLANG_WARN_DEPRECATED_OBJC_IMPLEMENTATIONS = YES;
				CLANG_WARN_DIRECT_OBJC_ISA_USAGE = YES_ERROR;
				CLANG_WARN_DOCUMENTATION_COMMENTS = YES;
				CLANG_WARN_EMPTY_BODY = YES;
				CLANG_WARN_ENUM_CONVERSION = YES;
				CLANG_WARN_INFINITE_RECURSION = YES;
				CLANG_WARN_INT_CONVERSION = YES;
				CLANG_WARN_NON_LITERAL_NULL_CONVERSION = YES;
				CLANG_WARN_OBJC_IMPLICIT_RETAIN_SELF = YES;
				CLANG_WARN_OBJC_LITERAL_CONVERSION = YES;
				CLANG_WARN_OBJC_ROOT_CLASS = YES_ERROR;
				CLANG_WARN_QUOTED_INCLUDE_IN_FRAMEWORK_HEADER = YES;
				CLANG_WARN_RANGE_LOOP_ANALYSIS = YES;
				CLANG_WARN_STRICT_PROTOTYPES = YES;
				CLANG_WARN_SUSPICIOUS_MOVE = YES;
				CLANG_WARN_UNGUARDED_AVAILABILITY = YES_AGGRESSIVE;
				CLANG_WARN_UNREACHABLE_CODE = YES;
				CLANG_WARN__DUPLICATE_METHOD_MATCH = YES;
				COPY_PHASE_STRIP = NO;
				DEBUG_INFORMATION_FORMAT = dwarf;
				ENABLE_STRICT_OBJC_MSGSEND = YES;
				ENABLE_TESTABILITY = YES;
				ENABLE_USER_SCRIPT_SANDBOXING = YES;
				GCC_C_LANGUAGE_STANDARD = gnu17;
				GCC_DYNAMIC_NO_PIC = NO;
				GCC_NO_COMMON_BLOCKS = YES;
				GCC_OPTIMIZATION_LEVEL = 0;
				GCC_PREPROCESSOR_DEFINITIONS = (
					"DEBUG=1",
					"$(inherited)",
				);
				GCC_WARN_64_TO_32_BIT_CONVERSION = YES;
				GCC_WARN_ABOUT_RETURN_TYPE = YES_ERROR;
				GCC_WARN_UNDECLARED_SELECTOR = YES;
				GCC_WARN_UNINITIALIZED_AUTOS = YES_AGGRESSIVE;
				GCC_WARN_UNUSED_FUNCTION = YES;
				GCC_WARN_UNUSED_VARIABLE = YES;
				IPHONEOS_DEPLOYMENT_TARGET = 18.2;
				LOCALIZATION_PREFERS_STRING_CATALOGS = YES;
				MTL_ENABLE_DEBUG_INFO = INCLUDE_SOURCE;
				MTL_FAST_MATH = YES;
				ONLY_ACTIVE_ARCH = YES;
				SDKROOT = iphoneos;
				SWIFT_ACTIVE_COMPILATION_CONDITIONS = "DEBUG $(inherited)";
				SWIFT_OPTIMIZATION_LEVEL = "-Onone";
			};
			name = Debug;
		};
		CF53BD722DF8D1F30015890F /* Release */ = {
			isa = XCBuildConfiguration;
			buildSettings = {
				ALWAYS_SEARCH_USER_PATHS = NO;
				ASSETCATALOG_COMPILER_GENERATE_SWIFT_ASSET_SYMBOL_EXTENSIONS = YES;
				CLANG_ANALYZER_NONNULL = YES;
				CLANG_ANALYZER_NUMBER_OBJECT_CONVERSION = YES_AGGRESSIVE;
				CLANG_CXX_LANGUAGE_STANDARD = "gnu++20";
				CLANG_ENABLE_MODULES = YES;
				CLANG_ENABLE_OBJC_ARC = YES;
				CLANG_ENABLE_OBJC_WEAK = YES;
				CLANG_WARN_BLOCK_CAPTURE_AUTORELEASING = YES;
				CLANG_WARN_BOOL_CONVERSION = YES;
				CLANG_WARN_COMMA = YES;
				CLANG_WARN_CONSTANT_CONVERSION = YES;
				CLANG_WARN_DEPRECATED_OBJC_IMPLEMENTATIONS = YES;
				CLANG_WARN_DIRECT_OBJC_ISA_USAGE = YES_ERROR;
				CLANG_WARN_DOCUMENTATION_COMMENTS = YES;
				CLANG_WARN_EMPTY_BODY = YES;
				CLANG_WARN_ENUM_CONVERSION = YES;
				CLANG_WARN_INFINITE_RECURSION = YES;
				CLANG_WARN_INT_CONVERSION = YES;
				CLANG_WARN_NON_LITERAL_NULL_CONVERSION = YES;
				CLANG_WARN_OBJC_IMPLICIT_RETAIN_SELF = YES;
				CLANG_WARN_OBJC_LITERAL_CONVERSION = YES;
				CLANG_WARN_OBJC_ROOT_CLASS = YES_ERROR;
				CLANG_WARN_QUOTED_INCLUDE_IN_FRAMEWORK_HEADER = YES;
				CLANG_WARN_RANGE_LOOP_ANALYSIS = YES;
				CLANG_WARN_STRICT_PROTOTYPES = YES;
				CLANG_WARN_SUSPICIOUS_MOVE = YES;
				CLANG_WARN_UNGUARDED_AVAILABILITY = YES_AGGRESSIVE;
				CLANG_WARN_UNREACHABLE_CODE = YES;
				CLANG_WARN__DUPLICATE_METHOD_MATCH = YES;
				COPY_PHASE_STRIP = NO;
				DEBUG_INFORMATION_FORMAT = "dwarf-with-dsym";
				ENABLE_NS_ASSERTIONS = NO;
				ENABLE_STRICT_OBJC_MSGSEND = YES;
				ENABLE_USER_SCRIPT_SANDBOXING = YES;
				GCC_C_LANGUAGE_STANDARD = gnu17;
				GCC_NO_COMMON_BLOCKS = YES;
				GCC_WARN_64_TO_32_BIT_CONVERSION = YES;
				GCC_WARN_ABOUT_RETURN_TYPE = YES_ERROR;
				GCC_WARN_UNDECLARED_SELECTOR = YES;
				GCC_WARN_UNINITIALIZED_AUTOS = YES_AGGRESSIVE;
				GCC_WARN_UNUSED_FUNCTION = YES;
				GCC_WARN_UNUSED_VARIABLE = YES;
				IPHONEOS_DEPLOYMENT_TARGET = 18.2;
				LOCALIZATION_PREFERS_STRING_CATALOGS = YES;
				MTL_ENABLE_DEBUG_INFO = NO;
				MTL_FAST_MATH = YES;
				SDKROOT = iphoneos;
				SWIFT_COMPILATION_MODE = wholemodule;
				VALIDATE_PRODUCT = YES;
			};
			name = Release;
		};
		CF53BD742DF8D1F30015890F /* Debug */ = {
			isa = XCBuildConfiguration;
			buildSettings = {
				BUNDLE_LOADER = "$(TEST_HOST)";
				CLANG_ENABLE_MODULES = YES;
				CODE_SIGN_STYLE = Automatic;
				CURRENT_PROJECT_VERSION = 1;
				DEVELOPMENT_TEAM = AJ5QNVYP6Y;
				GENERATE_INFOPLIST_FILE = YES;
				IPHONEOS_DEPLOYMENT_TARGET = 18.2;
				MARKETING_VERSION = 1.0;
				PRODUCT_BUNDLE_IDENTIFIER = ru.yandex.HealthReminderTests;
				PRODUCT_NAME = "$(TARGET_NAME)";
				SWIFT_EMIT_LOC_STRINGS = NO;
				SWIFT_OPTIMIZATION_LEVEL = "-Onone";
				SWIFT_VERSION = 5.0;
				TARGETED_DEVICE_FAMILY = "1,2";
				TEST_HOST = "$(BUILT_PRODUCTS_DIR)/HealthReminder.app/$(BUNDLE_EXECUTABLE_FOLDER_PATH)/HealthReminder";
			};
			name = Debug;
		};
		CF53BD752DF8D1F30015890F /* Release */ = {
			isa = XCBuildConfiguration;
			buildSettings = {
				BUNDLE_LOADER = "$(TEST_HOST)";
				CLANG_ENABLE_MODULES = YES;
				CODE_SIGN_STYLE = Automatic;
				CURRENT_PROJECT_VERSION = 1;
				DEVELOPMENT_TEAM = AJ5QNVYP6Y;
				GENERATE_INFOPLIST_FILE = YES;
				IPHONEOS_DEPLOYMENT_TARGET = 18.2;
				MARKETING_VERSION = 1.0;
				PRODUCT_BUNDLE_IDENTIFIER = ru.yandex.HealthReminderTests;
				PRODUCT_NAME = "$(TARGET_NAME)";
				SWIFT_EMIT_LOC_STRINGS = NO;
				SWIFT_VERSION = 5.0;
				TARGETED_DEVICE_FAMILY = "1,2";
				TEST_HOST = "$(BUILT_PRODUCTS_DIR)/HealthReminder.app/$(BUNDLE_EXECUTABLE_FOLDER_PATH)/HealthReminder";
			};
			name = Release;
		};
		CF53BD772DF8D1F30015890F /* Debug */ = {
			isa = XCBuildConfiguration;
			buildSettings = {
				CODE_SIGN_STYLE = Automatic;
				CURRENT_PROJECT_VERSION = 1;
				DEVELOPMENT_TEAM = AJ5QNVYP6Y;
				GENERATE_INFOPLIST_FILE = YES;
				MARKETING_VERSION = 1.0;
				PRODUCT_BUNDLE_IDENTIFIER = ru.yandex.HealthReminderUITests;
				PRODUCT_NAME = "$(TARGET_NAME)";
				SWIFT_EMIT_LOC_STRINGS = NO;
				SWIFT_VERSION = 5.0;
				TARGETED_DEVICE_FAMILY = "1,2";
				TEST_TARGET_NAME = HealthReminder;
			};
			name = Debug;
		};
		CF53BD782DF8D1F30015890F /* Release */ = {
			isa = XCBuildConfiguration;
			buildSettings = {
				CODE_SIGN_STYLE = Automatic;
				CURRENT_PROJECT_VERSION = 1;
				DEVELOPMENT_TEAM = AJ5QNVYP6Y;
				GENERATE_INFOPLIST_FILE = YES;
				MARKETING_VERSION = 1.0;
				PRODUCT_BUNDLE_IDENTIFIER = ru.yandex.HealthReminderUITests;
				PRODUCT_NAME = "$(TARGET_NAME)";
				SWIFT_EMIT_LOC_STRINGS = NO;
				SWIFT_VERSION = 5.0;
				TARGETED_DEVICE_FAMILY = "1,2";
				TEST_TARGET_NAME = HealthReminder;
			};
			name = Release;
		};
/* End XCBuildConfiguration section */

/* Begin XCConfigurationList section */
		CF53BD402DF8D1F00015890F /* Build configuration list for PBXProject "HealthReminder" */ = {
			isa = XCConfigurationList;
			buildConfigurations = (
				CF53BD712DF8D1F30015890F /* Debug */,
				CF53BD722DF8D1F30015890F /* Release */,
			);
			defaultConfigurationIsVisible = 0;
			defaultConfigurationName = Release;
		};
		CF53BD6E2DF8D1F30015890F /* Build configuration list for PBXNativeTarget "HealthReminder" */ = {
			isa = XCConfigurationList;
			buildConfigurations = (
				CF53BD6F2DF8D1F30015890F /* Debug */,
				CF53BD702DF8D1F30015890F /* Release */,
			);
			defaultConfigurationIsVisible = 0;
			defaultConfigurationName = Release;
		};
		CF53BD732DF8D1F30015890F /* Build configuration list for PBXNativeTarget "HealthReminderTests" */ = {
			isa = XCConfigurationList;
			buildConfigurations = (
				CF53BD742DF8D1F30015890F /* Debug */,
				CF53BD752DF8D1F30015890F /* Release */,
			);
			defaultConfigurationIsVisible = 0;
			defaultConfigurationName = Release;
		};
		CF53BD762DF8D1F30015890F /* Build configuration list for PBXNativeTarget "HealthReminderUITests" */ = {
			isa = XCConfigurationList;
			buildConfigurations = (
				CF53BD772DF8D1F30015890F /* Debug */,
				CF53BD782DF8D1F30015890F /* Release */,
			);
			defaultConfigurationIsVisible = 0;
			defaultConfigurationName = Release;
		};
/* End XCConfigurationList section */
	};
	rootObject = CF53BD3D2DF8D1F00015890F /* Project object */;
}
